{
  "requires": true,
  "lockfileVersion": 1,
  "dependencies": {
    "@react-google-maps/api": {
      "version": "1.7.5",
      "resolved": "https://registry.npmjs.org/@react-google-maps/api/-/api-1.7.5.tgz",
      "integrity": "sha512-yXo0pXIIGHhWkrpuyH1XxyFBEl76TQDQk7VPbF0Vhbo1bR/kmYvcujv5G7LAc3M5p/whd4Z9zPGe1w0XV2k2CQ==",
      "requires": {
        "@react-google-maps/infobox": "1.7.0",
        "@react-google-maps/marker-clusterer": "1.7.0",
        "invariant": "2.2.4"
      }
    },
    "@react-google-maps/infobox": {
      "version": "1.7.0",
      "resolved": "https://registry.npmjs.org/@react-google-maps/infobox/-/infobox-1.7.0.tgz",
      "integrity": "sha512-cfrRpSS5/fb0ZNtqbYBc/BL6cJoCpuHOdvsrusROl+sDTQ/0NyiDxB44U/hQlWqbpfS6nA4q9yoPCi2ICEJl4g=="
    },
    "@react-google-maps/marker-clusterer": {
      "version": "1.7.0",
      "resolved": "https://registry.npmjs.org/@react-google-maps/marker-clusterer/-/marker-clusterer-1.7.0.tgz",
      "integrity": "sha512-g8lp2pFlDgVyHEUH4QyNv+VFqY7uARMnuyA+Sn7QG4MT8ehdRK/kVfhmZkbyXDOt6yfzW4GtQFezOQRESQAxlA=="
    },
    "invariant": {
      "version": "2.2.4",
      "resolved": "https://registry.npmjs.org/invariant/-/invariant-2.2.4.tgz",
      "integrity": "sha512-phJfQVBuaJM5raOpJjSfkiD6BpbCE4Ns//LaXl6wGYtUBY83nWS6Rf9tXm2e8VaK60JEjYldbPif/A2B1C2gNA==",
      "requires": {
        "loose-envify": "^1.0.0"
      }
    },
    "js-tokens": {
      "version": "4.0.0",
      "resolved": "https://registry.npmjs.org/js-tokens/-/js-tokens-4.0.0.tgz",
      "integrity": "sha512-RdJUflcE3cUzKiMqQgsCu06FPu9UdIJO0beYbPhHN4k6apgJtifcoCtT9bcxOpYBtpD2kCM6Sbzg4CausW/PKQ=="
    },
    "loose-envify": {
      "version": "1.4.0",
      "resolved": "https://registry.npmjs.org/loose-envify/-/loose-envify-1.4.0.tgz",
      "integrity": "sha512-lyuxPGr/Wfhrlem2CL/UcnUc1zcqKAImBDzukY7Y5F/yQiNdko6+fRLevlw1HgMySw7f611UIY408EtxRSoK3Q==",
      "requires": {
        "js-tokens": "^3.0.0 || ^4.0.0"
      }
    }
  }
}
